Microsoft Visual Studio Solution File, Format Version 8.00
Project("{FAE04EC0-301F-11D3-BF4B-00C04F79EFBC}") = "fit", "src\fit\fit.csproj", "{483287D5-0C87-4257-AB40-C75C02F2ECF6}"
	ProjectSection(ProjectDependencies) = postProject
	EndProjectSection
EndProject
Project("{FAE04EC0-301F-11D3-BF4B-00C04F79EFBC}") = "eg", "src\eg\eg.csproj", "{F8A61C96-3B47-4A39-B77A-ECFBF4A2476C}"
	ProjectSection(ProjectDependencies) = postProject
		{483287D5-0C87-4257-AB40-C75C02F2ECF6} = {483287D5-0C87-4257-AB40-C75C02F2ECF6}
	EndProjectSection
EndProject
Project("{FAE04EC0-301F-11D3-BF4B-00C04F79EFBC}") = "FitServer", "src\FitServer\FitServer.csproj", "{FF0B7C04-6823-4A2E-BA8A-D12223D7F9D2}"
	ProjectSection(ProjectDependencies) = postProject
		{483287D5-0C87-4257-AB40-C75C02F2ECF6} = {483287D5-0C87-4257-AB40-C75C02F2ECF6}
	EndProjectSection
EndProject
Project("{FAE04EC0-301F-11D3-BF4B-00C04F79EFBC}") = "acceptanceTests", "src\acceptanceTests\acceptanceTests.csproj", "{D244BC7D-BB6B-4327-AA09-49A56256AD5B}"
	ProjectSection(ProjectDependencies) = postProject
	EndProjectSection
EndProject
Project("{FAE04EC0-301F-11D3-BF4B-00C04F79EFBC}") = "TestRunner", "src\TestRunner\TestRunner.csproj", "{27ECAA53-8F5B-4E8B-9C80-215B9DD7FC1D}"
	ProjectSection(ProjectDependencies) = postProject
		{FF0B7C04-6823-4A2E-BA8A-D12223D7F9D2} = {FF0B7C04-6823-4A2E-BA8A-D12223D7F9D2}
		{483287D5-0C87-4257-AB40-C75C02F2ECF6} = {483287D5-0C87-4257-AB40-C75C02F2ECF6}
	EndProjectSection
EndProject
Global
	GlobalSection(SolutionConfiguration) = preSolution
		Debug = Debug
		Release = Release
	EndGlobalSection
	GlobalSection(ProjectConfiguration) = postSolution
		{483287D5-0C87-4257-AB40-C75C02F2ECF6}.Debug.ActiveCfg = Debug|.NET
		{483287D5-0C87-4257-AB40-C75C02F2ECF6}.Debug.Build.0 = Debug|.NET
		{483287D5-0C87-4257-AB40-C75C02F2ECF6}.Release.ActiveCfg = Release|.NET
		{483287D5-0C87-4257-AB40-C75C02F2ECF6}.Release.Build.0 = Release|.NET
		{F8A61C96-3B47-4A39-B77A-ECFBF4A2476C}.Debug.ActiveCfg = Debug|.NET
		{F8A61C96-3B47-4A39-B77A-ECFBF4A2476C}.Debug.Build.0 = Debug|.NET
		{F8A61C96-3B47-4A39-B77A-ECFBF4A2476C}.Release.ActiveCfg = Release|.NET
		{F8A61C96-3B47-4A39-B77A-ECFBF4A2476C}.Release.Build.0 = Release|.NET
		{FF0B7C04-6823-4A2E-BA8A-D12223D7F9D2}.Debug.ActiveCfg = Debug|.NET
		{FF0B7C04-6823-4A2E-BA8A-D12223D7F9D2}.Debug.Build.0 = Debug|.NET
		{FF0B7C04-6823-4A2E-BA8A-D12223D7F9D2}.Release.ActiveCfg = Release|.NET
		{FF0B7C04-6823-4A2E-BA8A-D12223D7F9D2}.Release.Build.0 = Release|.NET
		{D244BC7D-BB6B-4327-AA09-49A56256AD5B}.Debug.ActiveCfg = Debug|.NET
		{D244BC7D-BB6B-4327-AA09-49A56256AD5B}.Debug.Build.0 = Debug|.NET
		{D244BC7D-BB6B-4327-AA09-49A56256AD5B}.Release.ActiveCfg = Release|.NET
		{D244BC7D-BB6B-4327-AA09-49A56256AD5B}.Release.Build.0 = Release|.NET
		{27ECAA53-8F5B-4E8B-9C80-215B9DD7FC1D}.Debug.ActiveCfg = Debug|.NET
		{27ECAA53-8F5B-4E8B-9C80-215B9DD7FC1D}.Debug.Build.0 = Debug|.NET
		{27ECAA53-8F5B-4E8B-9C80-215B9DD7FC1D}.Release.ActiveCfg = Release|.NET
		{27ECAA53-8F5B-4E8B-9C80-215B9DD7FC1D}.Release.Build.0 = Release|.NET
	EndGlobalSection
	GlobalSection(ExtensibilityGlobals) = postSolution
	EndGlobalSection
	GlobalSection(ExtensibilityAddIns) = postSolution
	EndGlobalSection
EndGlobal
